
Microsoft Visual Studio Solution File, Format Version 12.00
# Visual Studio Version 17
VisualStudioVersion = 17.2.32505.173
MinimumVisualStudioVersion = 10.0.40219.1
Project("{8BC9CEB8-8B4A-11D0-8D11-00A0C91BC942}") = "testing", "testing\testing.vcxproj", "{4610E2A1-6878-41D0-AB69-2DC506A66876}"
EndProject
Global
	GlobalSection(SolutionConfigurationPlatforms) = preSolution
		Debug|x64 = Debug|x64
		Debug|x86 = Debug|x86
		Release|x64 = Release|x64
		Release|x86 = Release|x86
	EndGlobalSection
	GlobalSection(ProjectConfigurationPlatforms) = postSolution
		{4610E2A1-6878-41D0-AB69-2DC506A66876}.Debug|x64.ActiveCfg = Debug|x64
		{4610E2A1-6878-41D0-AB69-2DC506A66876}.Debug|x64.Build.0 = Debug|x64
		{4610E2A1-6878-41D0-AB69-2DC506A66876}.Debug|x86.ActiveCfg = Debug|Win32
		{4610E2A1-6878-41D0-AB69-2DC506A66876}.Debug|x86.Build.0 = Debug|Win32
		{4610E2A1-6878-41D0-AB69-2DC506A66876}.Release|x64.ActiveCfg = Release|x64
		{4610E2A1-6878-41D0-AB69-2DC506A66876}.Release|x64.Build.0 = Release|x64
		{4610E2A1-6878-41D0-AB69-2DC506A66876}.Release|x86.ActiveCfg = Release|Win32
		{4610E2A1-6878-41D0-AB69-2DC506A66876}.Release|x86.Build.0 = Release|Win32
	EndGlobalSection
	GlobalSection(SolutionProperties) = preSolution
		HideSolutionNode = FALSE
	EndGlobalSection
	GlobalSection(ExtensibilityGlobals) = postSolution
		SolutionGuid = {779A34E6-0FCA-43F4-9827-0FFDB33BB468}
	EndGlobalSection
EndGlobal
